
Microsoft Visual Studio Solution File, Format Version 12.00
# Visual Studio 15
VisualStudioVersion = 15.0.27428.2027
MinimumVisualStudioVersion = 10.0.40219.1
Project("{8BC9CEB8-8B4A-11D0-8D11-00A0C91BC942}") = "ImageViewer", "ImageViewer\ImageViewer.vcxproj", "{60D2F332-0E9B-4B12-B9C0-364D48A39BC0}"
EndProject
Global
	GlobalSection(SolutionConfigurationPlatforms) = preSolution
		Debug|x64 = Debug|x64
		Release|x64 = Release|x64
	EndGlobalSection
	GlobalSection(ProjectConfigurationPlatforms) = postSolution
		{60D2F332-0E9B-4B12-B9C0-364D48A39BC0}.Debug|x64.ActiveCfg = Debug|x64
		{60D2F332-0E9B-4B12-B9C0-364D48A39BC0}.Debug|x64.Build.0 = Debug|x64
		{60D2F332-0E9B-4B12-B9C0-364D48A39BC0}.Release|x64.ActiveCfg = Release|x64
		{60D2F332-0E9B-4B12-B9C0-364D48A39BC0}.Release|x64.Build.0 = Release|x64
	EndGlobalSection
	GlobalSection(SolutionProperties) = preSolution
		HideSolutionNode = FALSE
	EndGlobalSection
	GlobalSection(ExtensibilityGlobals) = postSolution
		SolutionGuid = {A141F44A-7541-44C1-8FBA-0042BD68AA71}
	EndGlobalSection
EndGlobal
